
Microsoft Visual Studio Solution File, Format Version 12.00
# Visual Studio Version 17
VisualStudioVersion = 17.14.36429.23 d17.14
MinimumVisualStudioVersion = 10.0.40219.1
Project("{FAE04EC0-301F-11D3-BF4B-00C04F79EFBC}") = "Fruteria.Modelos", "Fruteria.Modelos.csproj", "{F4DFE4C4-C07C-400F-98DC-1F9DC7A90BAB}"
EndProject
Global
	GlobalSection(SolutionConfigurationPlatforms) = preSolution
		Debug|Any CPU = Debug|Any CPU
		Release|Any CPU = Release|Any CPU
	EndGlobalSection
	GlobalSection(ProjectConfigurationPlatforms) = postSolution
		{F4DFE4C4-C07C-400F-98DC-1F9DC7A90BAB}.Debug|Any CPU.ActiveCfg = Debug|Any CPU
		{F4DFE4C4-C07C-400F-98DC-1F9DC7A90BAB}.Debug|Any CPU.Build.0 = Debug|Any CPU
		{F4DFE4C4-C07C-400F-98DC-1F9DC7A90BAB}.Release|Any CPU.ActiveCfg = Release|Any CPU
		{F4DFE4C4-C07C-400F-98DC-1F9DC7A90BAB}.Release|Any CPU.Build.0 = Release|Any CPU
	EndGlobalSection
	GlobalSection(SolutionProperties) = preSolution
		HideSolutionNode = FALSE
	EndGlobalSection
	GlobalSection(ExtensibilityGlobals) = postSolution
		SolutionGuid = {30C68AC8-9513-443F-8553-5C53692B7B86}
	EndGlobalSection
EndGlobal
